github.com/lalternative/packages/go/audioreader v0.2.1 h1:J7kjvRjcer0o27hQl97ThsG0H64Q3XAUjt6kg4Ed64E=
github.com/lalternative/packages/go/audioreader v0.2.1/go.mod h1:h/WIzfZgpNH9/6MX/usw1Z9IDXJneZBdNB8064ITeNg=
github.com/lalternative/packages/go/tts v0.4.0 h1:0T8XfuQURxnvhFCkIjK9iDpd0SmQd0CRn/uAGUUgcrc=
github.com/lalternative/packages/go/tts v0.4.0/go.mod h1:75KtxuFNBMQfVXAcg1cMllRMG/7iwfSSnjmCblFTYVA=
