# Tags rolled onto the node by Skalpai's image watches — WRITTEN BY THE
# ROLL, not by hand. image-watches.yaml declares what to watch; this
# file records what actually shipped, so a redeploy from Git can
# reproduce the running version and `git log` answers what was live
# when. Editing it changes nothing: the next roll overwrites it.
# last updated: 2026-09-10T06:21:20Z
tags:
  tornade-app: "20260910-0615-6498436b717c"
  tornade-web: "20260910-0615-6498436b717c"
