# Tags rolled onto the node by Skalpai's image watches — WRITTEN BY THE
# ROLL, not by hand. image-watches.yaml declares what to watch; this
# file is a journal of what actually shipped, so `git log` answers what
# was live when. No deploy reads it: the node keeps a rolled image on
# its own until deploy.yaml changes that service's tag. Editing this
# file changes nothing: the next roll overwrites it.
# last updated: 2026-09-14T16:32:06Z
tags:
  vvaves-app: "20260914-1539-d9104df67aa0"
  vvaves-migrate: "20260914-1617-6afa0ec2f52d"
  vvaves-tts: "20260914-1539-d9104df67aa0"
  vvaves-web: "20260914-1626-3f8c62e82976"
